<Solution>
  <Folder Name="/Solution Items/">
    <File Path="AGENTS.md" />
  </Folder>
  <Project Path="Common/Common.csproj" Id="2e9661fa-2f74-45f3-a698-ac48c8524c9f" />
  <Project Path="DAL/DAL.csproj" Id="413e8c29-9317-482b-b861-48c253cf6eb1" />
  <Project Path="Entity/Entity.csproj" Id="0248d4a5-c51d-4b58-a184-45a0df823afd" />
  <Project Path="Hotel-Management/Hotel-Management.csproj" />
  <Project Path="IOC/IOC.csproj" Id="df67beb2-9fe1-4be9-b982-ed5f6a7f4dae" />
  <Project Path="Service/Service.csproj" Id="5b764c2d-3959-4b01-a2cc-3afbd43dc1dd" />
</Solution>
